{
  "version": 4,
  "terraform_version": "1.5.0",
  "serial": 20,
  "lineage": "0282947c-14b3-b629-fe98-8b55eb4634f6",
  "outputs": {},
  "resources": [
    {
      "mode": "managed",
      "type": "aws_security_group",
      "name": "acesso-ssh",
      "provider": "provider[\"registry.terraform.io/hashicorp/aws\"]",
      "instances": [
        {
          "schema_version": 1,
          "attributes": {
            "arn": "arn:aws:ec2:us-east-1:774975984811:security-group/sg-0c1e9204fe47ef1f5",
            "description": "acesso-ssh",
            "egress": [],
            "id": "sg-0c1e9204fe47ef1f5",
            "ingress": [
              {
                "cidr_blocks": [],
                "description": "",
                "from_port": 22,
                "ipv6_cidr_blocks": [],
                "prefix_list_ids": [],
                "protocol": "tcp",
                "security_groups": [],
                "self": false,
                "to_port": 22
              }
            ],
            "name": "acesso-ssh",
            "name_prefix": null,
            "owner_id": "774975984811",
            "revoke_rules_on_delete": false,
            "tags": {
              "name": "ssh"
            },
            "timeouts": null,
            "vpc_id": "vpc-0a26c5f658549094a"
          },
          "sensitive_attributes": [],
          "private": "eyJlMmJmYjczMC1lY2FhLTExZTYtOGY4OC0zNDM2M2JjN2M0YzAiOnsiY3JlYXRlIjo2MDAwMDAwMDAwMDAsImRlbGV0ZSI6NjAwMDAwMDAwMDAwfSwic2NoZW1hX3ZlcnNpb24iOiIxIn0="
        }
      ]
    }
  ],
  "check_results": null
}
